// !$*UTF8*$!
{
	archiveVersion = 1;
	classes = {
	};
	objectVersion = 56;
	objects = {

/* Begin PBXBuildFile section */
		EA138D652BAEFD9500A9F9AA /* AppDelegate.swift in Sources */ = {isa = PBXBuildFile; fileRef = EA138D642BAEFD9500A9F9AA /* AppDelegate.swift */; };
		EA138D672BAEFD9500A9F9AA /* SceneDelegate.swift in Sources */ = {isa = PBXBuildFile; fileRef = EA138D662BAEFD9500A9F9AA /* SceneDelegate.swift */; };
		EA138D692BAEFD9500A9F9AA /* WeatherScreenController.swift in Sources */ = {isa = PBXBuildFile; fileRef = EA138D682BAEFD9500A9F9AA /* WeatherScreenController.swift */; };
		EA138D6E2BAEFD9B00A9F9AA /* Assets.xcassets in Resources */ = {isa = PBXBuildFile; fileRef = EA138D6D2BAEFD9B00A9F9AA /* Assets.xcassets */; };
		EA138D712BAEFD9B00A9F9AA /* LaunchScreen.storyboard in Resources */ = {isa = PBXBuildFile; fileRef = EA138D6F2BAEFD9B00A9F9AA /* LaunchScreen.storyboard */; };
		EA138D7F2BAF0ED600A9F9AA /* LocationService.swift in Sources */ = {isa = PBXBuildFile; fileRef = EA138D7E2BAF0ED600A9F9AA /* LocationService.swift */; };
		EA138D812BAF2CF600A9F9AA /* WeatherScreenProtocols.swift in Sources */ = {isa = PBXBuildFile; fileRef = EA138D802BAF2CF600A9F9AA /* WeatherScreenProtocols.swift */; };
		EA138D832BAF2D1100A9F9AA /* WeatherScreenPresenter.swift in Sources */ = {isa = PBXBuildFile; fileRef = EA138D822BAF2D1100A9F9AA /* WeatherScreenPresenter.swift */; };
		EA138D852BB0311000A9F9AA /* UserLocation.swift in Sources */ = {isa = PBXBuildFile; fileRef = EA138D842BB0311000A9F9AA /* UserLocation.swift */; };
		EA138D882BB05EA100A9F9AA /* APIClient.swift in Sources */ = {isa = PBXBuildFile; fileRef = EA138D872BB05EA100A9F9AA /* APIClient.swift */; };
		EA138D8A2BB060E300A9F9AA /* Request.swift in Sources */ = {isa = PBXBuildFile; fileRef = EA138D892BB060E300A9F9AA /* Request.swift */; };
		EA138D8C2BB061A700A9F9AA /* Response.swift in Sources */ = {isa = PBXBuildFile; fileRef = EA138D8B2BB061A700A9F9AA /* Response.swift */; };
		EA138D902BB07E2200A9F9AA /* APIConstants.swift in Sources */ = {isa = PBXBuildFile; fileRef = EA138D8F2BB07E2200A9F9AA /* APIConstants.swift */; };
		EA138D922BB081F200A9F9AA /* CurrentWeather.swift in Sources */ = {isa = PBXBuildFile; fileRef = EA138D912BB081F200A9F9AA /* CurrentWeather.swift */; };
		EAD59E952BB17DF0006F0A32 /* DailyWeatherCell.swift in Sources */ = {isa = PBXBuildFile; fileRef = EAD59E942BB17DF0006F0A32 /* DailyWeatherCell.swift */; };
		EAD59E982BB18608006F0A32 /* DailyWeather.swift in Sources */ = {isa = PBXBuildFile; fileRef = EAD59E972BB18608006F0A32 /* DailyWeather.swift */; };
		EAD59E9B2BB21923006F0A32 /* UIColor + Extensions.swift in Sources */ = {isa = PBXBuildFile; fileRef = EAD59E9A2BB21923006F0A32 /* UIColor + Extensions.swift */; };
/* End PBXBuildFile section */

/* Begin PBXFileReference section */
		EA138D612BAEFD9500A9F9AA /* WeatherApp.app */ = {isa = PBXFileReference; explicitFileType = wrapper.application; includeInIndex = 0; path = WeatherApp.app; sourceTree = BUILT_PRODUCTS_DIR; };
		EA138D642BAEFD9500A9F9AA /* AppDelegate.swift */ = {isa = PBXFileReference; lastKnownFileType = sourcecode.swift; path = AppDelegate.swift; sourceTree = "<group>"; };
		EA138D662BAEFD9500A9F9AA /* SceneDelegate.swift */ = {isa = PBXFileReference; lastKnownFileType = sourcecode.swift; path = SceneDelegate.swift; sourceTree = "<group>"; };
		EA138D682BAEFD9500A9F9AA /* WeatherScreenController.swift */ = {isa = PBXFileReference; lastKnownFileType = sourcecode.swift; path = WeatherScreenController.swift; sourceTree = "<group>"; };
		EA138D6D2BAEFD9B00A9F9AA /* Assets.xcassets */ = {isa = PBXFileReference; lastKnownFileType = folder.assetcatalog; path = Assets.xcassets; sourceTree = "<group>"; };
		EA138D702BAEFD9B00A9F9AA /* Base */ = {isa = PBXFileReference; lastKnownFileType = file.storyboard; name = Base; path = Base.lproj/LaunchScreen.storyboard; sourceTree = "<group>"; };
		EA138D722BAEFD9B00A9F9AA /* Info.plist */ = {isa = PBXFileReference; lastKnownFileType = text.plist.xml; path = Info.plist; sourceTree = "<group>"; };
		EA138D7E2BAF0ED600A9F9AA /* LocationService.swift */ = {isa = PBXFileReference; lastKnownFileType = sourcecode.swift; path = LocationService.swift; sourceTree = "<group>"; };
		EA138D802BAF2CF600A9F9AA /* WeatherScreenProtocols.swift */ = {isa = PBXFileReference; lastKnownFileType = sourcecode.swift; path = WeatherScreenProtocols.swift; sourceTree = "<group>"; };
		EA138D822BAF2D1100A9F9AA /* WeatherScreenPresenter.swift */ = {isa = PBXFileReference; lastKnownFileType = sourcecode.swift; path = WeatherScreenPresenter.swift; sourceTree = "<group>"; };
		EA138D842BB0311000A9F9AA /* UserLocation.swift */ = {isa = PBXFileReference; lastKnownFileType = sourcecode.swift; path = UserLocation.swift; sourceTree = "<group>"; };
		EA138D872BB05EA100A9F9AA /* APIClient.swift */ = {isa = PBXFileReference; lastKnownFileType = sourcecode.swift; path = APIClient.swift; sourceTree = "<group>"; };
		EA138D892BB060E300A9F9AA /* Request.swift */ = {isa = PBXFileReference; lastKnownFileType = sourcecode.swift; path = Request.swift; sourceTree = "<group>"; };
		EA138D8B2BB061A700A9F9AA /* Response.swift */ = {isa = PBXFileReference; lastKnownFileType = sourcecode.swift; path = Response.swift; sourceTree = "<group>"; };
		EA138D8F2BB07E2200A9F9AA /* APIConstants.swift */ = {isa = PBXFileReference; lastKnownFileType = sourcecode.swift; path = APIConstants.swift; sourceTree = "<group>"; };
		EA138D912BB081F200A9F9AA /* CurrentWeather.swift */ = {isa = PBXFileReference; lastKnownFileType = sourcecode.swift; path = CurrentWeather.swift; sourceTree = "<group>"; };
		EAD59E942BB17DF0006F0A32 /* DailyWeatherCell.swift */ = {isa = PBXFileReference; lastKnownFileType = sourcecode.swift; path = DailyWeatherCell.swift; sourceTree = "<group>"; };
		EAD59E972BB18608006F0A32 /* DailyWeather.swift */ = {isa = PBXFileReference; lastKnownFileType = sourcecode.swift; path = DailyWeather.swift; sourceTree = "<group>"; };
		EAD59E9A2BB21923006F0A32 /* UIColor + Extensions.swift */ = {isa = PBXFileReference; lastKnownFileType = sourcecode.swift; path = "UIColor + Extensions.swift"; sourceTree = "<group>"; };
/* End PBXFileReference section */

/* Begin PBXFrameworksBuildPhase section */
		EA138D5E2BAEFD9500A9F9AA /* Frameworks */ = {
			isa = PBXFrameworksBuildPhase;
			buildActionMask = 2147483647;
			files = (
			);
			runOnlyForDeploymentPostprocessing = 0;
		};
/* End PBXFrameworksBuildPhase section */

/* Begin PBXGroup section */
		EA138D582BAEFD9500A9F9AA = {
			isa = PBXGroup;
			children = (
				EA138D632BAEFD9500A9F9AA /* WeatherApp */,
				EA138D622BAEFD9500A9F9AA /* Products */,
			);
			sourceTree = "<group>";
		};
		EA138D622BAEFD9500A9F9AA /* Products */ = {
			isa = PBXGroup;
			children = (
				EA138D612BAEFD9500A9F9AA /* WeatherApp.app */,
			);
			name = Products;
			sourceTree = "<group>";
		};
		EA138D632BAEFD9500A9F9AA /* WeatherApp */ = {
			isa = PBXGroup;
			children = (
				EA138D782BAEFDF500A9F9AA /* MainFiles */,
				EA138D7C2BAF0EA400A9F9AA /* Services */,
				EA138D7A2BAF081D00A9F9AA /* Modules */,
				EAD59E992BB2190A006F0A32 /* Extensions */,
				EA138D792BAEFE0C00A9F9AA /* Resources */,
			);
			path = WeatherApp;
			sourceTree = "<group>";
		};
		EA138D782BAEFDF500A9F9AA /* MainFiles */ = {
			isa = PBXGroup;
			children = (
				EA138D722BAEFD9B00A9F9AA /* Info.plist */,
				EA138D6F2BAEFD9B00A9F9AA /* LaunchScreen.storyboard */,
				EA138D642BAEFD9500A9F9AA /* AppDelegate.swift */,
				EA138D662BAEFD9500A9F9AA /* SceneDelegate.swift */,
			);
			path = MainFiles;
			sourceTree = "<group>";
		};
		EA138D792BAEFE0C00A9F9AA /* Resources */ = {
			isa = PBXGroup;
			children = (
				EA138D6D2BAEFD9B00A9F9AA /* Assets.xcassets */,
			);
			path = Resources;
			sourceTree = "<group>";
		};
		EA138D7A2BAF081D00A9F9AA /* Modules */ = {
			isa = PBXGroup;
			children = (
				EA138D7B2BAF082900A9F9AA /* WeatherScreen */,
			);
			path = Modules;
			sourceTree = "<group>";
		};
		EA138D7B2BAF082900A9F9AA /* WeatherScreen */ = {
			isa = PBXGroup;
			children = (
				EAD59E962BB1854D006F0A32 /* Models */,
				EAD59E932BB17DDB006F0A32 /* Cell */,
				EA138D802BAF2CF600A9F9AA /* WeatherScreenProtocols.swift */,
				EA138D682BAEFD9500A9F9AA /* WeatherScreenController.swift */,
				EA138D822BAF2D1100A9F9AA /* WeatherScreenPresenter.swift */,
			);
			path = WeatherScreen;
			sourceTree = "<group>";
		};
		EA138D7C2BAF0EA400A9F9AA /* Services */ = {
			isa = PBXGroup;
			children = (
				EA138D862BB05CAD00A9F9AA /* Network */,
				EA138D7D2BAF0EAC00A9F9AA /* Location */,
			);
			path = Services;
			sourceTree = "<group>";
		};
		EA138D7D2BAF0EAC00A9F9AA /* Location */ = {
			isa = PBXGroup;
			children = (
				EA138D7E2BAF0ED600A9F9AA /* LocationService.swift */,
				EA138D842BB0311000A9F9AA /* UserLocation.swift */,
			);
			path = Location;
			sourceTree = "<group>";
		};
		EA138D862BB05CAD00A9F9AA /* Network */ = {
			isa = PBXGroup;
			children = (
				EA138D872BB05EA100A9F9AA /* APIClient.swift */,
				EA138D892BB060E300A9F9AA /* Request.swift */,
				EA138D8B2BB061A700A9F9AA /* Response.swift */,
				EA138D8F2BB07E2200A9F9AA /* APIConstants.swift */,
			);
			path = Network;
			sourceTree = "<group>";
		};
		EAD59E932BB17DDB006F0A32 /* Cell */ = {
			isa = PBXGroup;
			children = (
				EAD59E942BB17DF0006F0A32 /* DailyWeatherCell.swift */,
			);
			path = Cell;
			sourceTree = "<group>";
		};
		EAD59E962BB1854D006F0A32 /* Models */ = {
			isa = PBXGroup;
			children = (
				EA138D912BB081F200A9F9AA /* CurrentWeather.swift */,
				EAD59E972BB18608006F0A32 /* DailyWeather.swift */,
			);
			path = Models;
			sourceTree = "<group>";
		};
		EAD59E992BB2190A006F0A32 /* Extensions */ = {
			isa = PBXGroup;
			children = (
				EAD59E9A2BB21923006F0A32 /* UIColor + Extensions.swift */,
			);
			path = Extensions;
			sourceTree = "<group>";
		};
/* End PBXGroup section */

/* Begin PBXNativeTarget section */
		EA138D602BAEFD9500A9F9AA /* WeatherApp */ = {
			isa = PBXNativeTarget;
			buildConfigurationList = EA138D752BAEFD9B00A9F9AA /* Build configuration list for PBXNativeTarget "WeatherApp" */;
			buildPhases = (
				EA138D5D2BAEFD9500A9F9AA /* Sources */,
				EA138D5E2BAEFD9500A9F9AA /* Frameworks */,
				EA138D5F2BAEFD9500A9F9AA /* Resources */,
			);
			buildRules = (
			);
			dependencies = (
			);
			name = WeatherApp;
			productName = WeatherApp;
			productReference = EA138D612BAEFD9500A9F9AA /* WeatherApp.app */;
			productType = "com.apple.product-type.application";
		};
/* End PBXNativeTarget section */

/* Begin PBXProject section */
		EA138D592BAEFD9500A9F9AA /* Project object */ = {
			isa = PBXProject;
			attributes = {
				BuildIndependentTargetsInParallel = 1;
				LastSwiftUpdateCheck = 1520;
				LastUpgradeCheck = 1520;
				TargetAttributes = {
					EA138D602BAEFD9500A9F9AA = {
						CreatedOnToolsVersion = 15.2;
					};
				};
			};
			buildConfigurationList = EA138D5C2BAEFD9500A9F9AA /* Build configuration list for PBXProject "WeatherApp" */;
			compatibilityVersion = "Xcode 14.0";
			developmentRegion = en;
			hasScannedForEncodings = 0;
			knownRegions = (
				en,
				Base,
			);
			mainGroup = EA138D582BAEFD9500A9F9AA;
			productRefGroup = EA138D622BAEFD9500A9F9AA /* Products */;
			projectDirPath = "";
			projectRoot = "";
			targets = (
				EA138D602BAEFD9500A9F9AA /* WeatherApp */,
			);
		};
/* End PBXProject section */

/* Begin PBXResourcesBuildPhase section */
		EA138D5F2BAEFD9500A9F9AA /* Resources */ = {
			isa = PBXResourcesBuildPhase;
			buildActionMask = 2147483647;
			files = (
				EA138D712BAEFD9B00A9F9AA /* LaunchScreen.storyboard in Resources */,
				EA138D6E2BAEFD9B00A9F9AA /* Assets.xcassets in Resources */,
			);
			runOnlyForDeploymentPostprocessing = 0;
		};
/* End PBXResourcesBuildPhase section */

/* Begin PBXSourcesBuildPhase section */
		EA138D5D2BAEFD9500A9F9AA /* Sources */ = {
			isa = PBXSourcesBuildPhase;
			buildActionMask = 2147483647;
			files = (
				EA138D692BAEFD9500A9F9AA /* WeatherScreenController.swift in Sources */,
				EA138D922BB081F200A9F9AA /* CurrentWeather.swift in Sources */,
				EA138D832BAF2D1100A9F9AA /* WeatherScreenPresenter.swift in Sources */,
				EA138D652BAEFD9500A9F9AA /* AppDelegate.swift in Sources */,
				EA138D882BB05EA100A9F9AA /* APIClient.swift in Sources */,
				EAD59E952BB17DF0006F0A32 /* DailyWeatherCell.swift in Sources */,
				EAD59E9B2BB21923006F0A32 /* UIColor + Extensions.swift in Sources */,
				EA138D8C2BB061A700A9F9AA /* Response.swift in Sources */,
				EA138D7F2BAF0ED600A9F9AA /* LocationService.swift in Sources */,
				EAD59E982BB18608006F0A32 /* DailyWeather.swift in Sources */,
				EA138D672BAEFD9500A9F9AA /* SceneDelegate.swift in Sources */,
				EA138D902BB07E2200A9F9AA /* APIConstants.swift in Sources */,
				EA138D852BB0311000A9F9AA /* UserLocation.swift in Sources */,
				EA138D8A2BB060E300A9F9AA /* Request.swift in Sources */,
				EA138D812BAF2CF600A9F9AA /* WeatherScreenProtocols.swift in Sources */,
			);
			runOnlyForDeploymentPostprocessing = 0;
		};
/* End PBXSourcesBuildPhase section */

/* Begin PBXVariantGroup section */
		EA138D6F2BAEFD9B00A9F9AA /* LaunchScreen.storyboard */ = {
			isa = PBXVariantGroup;
			children = (
				EA138D702BAEFD9B00A9F9AA /* Base */,
			);
			name = LaunchScreen.storyboard;
			sourceTree = "<group>";
		};
/* End PBXVariantGroup section */

/* Begin XCBuildConfiguration section */
		EA138D732BAEFD9B00A9F9AA /* Debug */ = {
			isa = XCBuildConfiguration;
			buildSettings = {
				ALWAYS_SEARCH_USER_PATHS = NO;
				ASSETCATALOG_COMPILER_GENERATE_SWIFT_ASSET_SYMBOL_EXTENSIONS = YES;
				CLANG_ANALYZER_NONNULL = YES;
				CLANG_ANALYZER_NUMBER_OBJECT_CONVERSION = YES_AGGRESSIVE;
				CLANG_CXX_LANGUAGE_STANDARD = "gnu++20";
				CLANG_ENABLE_MODULES = YES;
				CLANG_ENABLE_OBJC_ARC = YES;
				CLANG_ENABLE_OBJC_WEAK = YES;
				CLANG_WARN_BLOCK_CAPTURE_AUTORELEASING = YES;
				CLANG_WARN_BOOL_CONVERSION = YES;
				CLANG_WARN_COMMA = YES;
				CLANG_WARN_CONSTANT_CONVERSION = YES;
				CLANG_WARN_DEPRECATED_OBJC_IMPLEMENTATIONS = YES;
				CLANG_WARN_DIRECT_OBJC_ISA_USAGE = YES_ERROR;
				CLANG_WARN_DOCUMENTATION_COMMENTS = YES;
				CLANG_WARN_EMPTY_BODY = YES;
				CLANG_WARN_ENUM_CONVERSION = YES;
				CLANG_WARN_INFINITE_RECURSION = YES;
				CLANG_WARN_INT_CONVERSION = YES;
				CLANG_WARN_NON_LITERAL_NULL_CONVERSION = YES;
				CLANG_WARN_OBJC_IMPLICIT_RETAIN_SELF = YES;
				CLANG_WARN_OBJC_LITERAL_CONVERSION = YES;
				CLANG_WARN_OBJC_ROOT_CLASS = YES_ERROR;
				CLANG_WARN_QUOTED_INCLUDE_IN_FRAMEWORK_HEADER = YES;
				CLANG_WARN_RANGE_LOOP_ANALYSIS = YES;
				CLANG_WARN_STRICT_PROTOTYPES = YES;
				CLANG_WARN_SUSPICIOUS_MOVE = YES;
				CLANG_WARN_UNGUARDED_AVAILABILITY = YES_AGGRESSIVE;
				CLANG_WARN_UNREACHABLE_CODE = YES;
				CLANG_WARN__DUPLICATE_METHOD_MATCH = YES;
				COPY_PHASE_STRIP = NO;
				DEBUG_INFORMATION_FORMAT = dwarf;
				ENABLE_STRICT_OBJC_MSGSEND = YES;
				ENABLE_TESTABILITY = YES;
				ENABLE_USER_SCRIPT_SANDBOXING = YES;
				GCC_C_LANGUAGE_STANDARD = gnu17;
				GCC_DYNAMIC_NO_PIC = NO;
				GCC_NO_COMMON_BLOCKS = YES;
				GCC_OPTIMIZATION_LEVEL = 0;
				GCC_PREPROCESSOR_DEFINITIONS = (
					"DEBUG=1",
					"$(inherited)",
				);
				GCC_WARN_64_TO_32_BIT_CONVERSION = YES;
				GCC_WARN_ABOUT_RETURN_TYPE = YES_ERROR;
				GCC_WARN_UNDECLARED_SELECTOR = YES;
				GCC_WARN_UNINITIALIZED_AUTOS = YES_AGGRESSIVE;
				GCC_WARN_UNUSED_FUNCTION = YES;
				GCC_WARN_UNUSED_VARIABLE = YES;
				IPHONEOS_DEPLOYMENT_TARGET = 17.2;
				LOCALIZATION_PREFERS_STRING_CATALOGS = YES;
				MTL_ENABLE_DEBUG_INFO = INCLUDE_SOURCE;
				MTL_FAST_MATH = YES;
				ONLY_ACTIVE_ARCH = YES;
				SDKROOT = iphoneos;
				SWIFT_ACTIVE_COMPILATION_CONDITIONS = "DEBUG $(inherited)";
				SWIFT_OPTIMIZATION_LEVEL = "-Onone";
			};
			name = Debug;
		};
		EA138D742BAEFD9B00A9F9AA /* Release */ = {
			isa = XCBuildConfiguration;
			buildSettings = {
				ALWAYS_SEARCH_USER_PATHS = NO;
				ASSETCATALOG_COMPILER_GENERATE_SWIFT_ASSET_SYMBOL_EXTENSIONS = YES;
				CLANG_ANALYZER_NONNULL = YES;
				CLANG_ANALYZER_NUMBER_OBJECT_CONVERSION = YES_AGGRESSIVE;
				CLANG_CXX_LANGUAGE_STANDARD = "gnu++20";
				CLANG_ENABLE_MODULES = YES;
				CLANG_ENABLE_OBJC_ARC = YES;
				CLANG_ENABLE_OBJC_WEAK = YES;
				CLANG_WARN_BLOCK_CAPTURE_AUTORELEASING = YES;
				CLANG_WARN_BOOL_CONVERSION = YES;
				CLANG_WARN_COMMA = YES;
				CLANG_WARN_CONSTANT_CONVERSION = YES;
				CLANG_WARN_DEPRECATED_OBJC_IMPLEMENTATIONS = YES;
				CLANG_WARN_DIRECT_OBJC_ISA_USAGE = YES_ERROR;
				CLANG_WARN_DOCUMENTATION_COMMENTS = YES;
				CLANG_WARN_EMPTY_BODY = YES;
				CLANG_WARN_ENUM_CONVERSION = YES;
				CLANG_WARN_INFINITE_RECURSION = YES;
				CLANG_WARN_INT_CONVERSION = YES;
				CLANG_WARN_NON_LITERAL_NULL_CONVERSION = YES;
				CLANG_WARN_OBJC_IMPLICIT_RETAIN_SELF = YES;
				CLANG_WARN_OBJC_LITERAL_CONVERSION = YES;
				CLANG_WARN_OBJC_ROOT_CLASS = YES_ERROR;
				CLANG_WARN_QUOTED_INCLUDE_IN_FRAMEWORK_HEADER = YES;
				CLANG_WARN_RANGE_LOOP_ANALYSIS = YES;
				CLANG_WARN_STRICT_PROTOTYPES = YES;
				CLANG_WARN_SUSPICIOUS_MOVE = YES;
				CLANG_WARN_UNGUARDED_AVAILABILITY = YES_AGGRESSIVE;
				CLANG_WARN_UNREACHABLE_CODE = YES;
				CLANG_WARN__DUPLICATE_METHOD_MATCH = YES;
				COPY_PHASE_STRIP = NO;
				DEBUG_INFORMATION_FORMAT = "dwarf-with-dsym";
				ENABLE_NS_ASSERTIONS = NO;
				ENABLE_STRICT_OBJC_MSGSEND = YES;
				ENABLE_USER_SCRIPT_SANDBOXING = YES;
				GCC_C_LANGUAGE_STANDARD = gnu17;
				GCC_NO_COMMON_BLOCKS = YES;
				GCC_WARN_64_TO_32_BIT_CONVERSION = YES;
				GCC_WARN_ABOUT_RETURN_TYPE = YES_ERROR;
				GCC_WARN_UNDECLARED_SELECTOR = YES;
				GCC_WARN_UNINITIALIZED_AUTOS = YES_AGGRESSIVE;
				GCC_WARN_UNUSED_FUNCTION = YES;
				GCC_WARN_UNUSED_VARIABLE = YES;
				IPHONEOS_DEPLOYMENT_TARGET = 17.2;
				LOCALIZATION_PREFERS_STRING_CATALOGS = YES;
				MTL_ENABLE_DEBUG_INFO = NO;
				MTL_FAST_MATH = YES;
				SDKROOT = iphoneos;
				SWIFT_COMPILATION_MODE = wholemodule;
				VALIDATE_PRODUCT = YES;
			};
			name = Release;
		};
		EA138D762BAEFD9B00A9F9AA /* Debug */ = {
			isa = XCBuildConfiguration;
			buildSettings = {
				ASSETCATALOG_COMPILER_APPICON_NAME = AppIcon;
				ASSETCATALOG_COMPILER_GLOBAL_ACCENT_COLOR_NAME = AccentColor;
				CODE_SIGN_STYLE = Automatic;
				CURRENT_PROJECT_VERSION = 1;
				DEVELOPMENT_TEAM = 78U6FZ3GMX;
				GENERATE_INFOPLIST_FILE = YES;
				INFOPLIST_FILE = WeatherApp/MainFiles/Info.plist;
				INFOPLIST_KEY_LSApplicationCategoryType = "public.app-category.weather";
				INFOPLIST_KEY_UIApplicationSupportsIndirectInputEvents = YES;
				INFOPLIST_KEY_UILaunchStoryboardName = LaunchScreen;
				INFOPLIST_KEY_UISupportedInterfaceOrientations_iPad = "UIInterfaceOrientationPortrait UIInterfaceOrientationPortraitUpsideDown UIInterfaceOrientationLandscapeLeft UIInterfaceOrientationLandscapeRight";
				INFOPLIST_KEY_UISupportedInterfaceOrientations_iPhone = "UIInterfaceOrientationPortrait UIInterfaceOrientationLandscapeLeft UIInterfaceOrientationLandscapeRight";
				IPHONEOS_DEPLOYMENT_TARGET = 15.0;
				LD_RUNPATH_SEARCH_PATHS = (
					"$(inherited)",
					"@executable_path/Frameworks",
				);
				MARKETING_VERSION = 1.0;
				PRODUCT_BUNDLE_IDENTIFIER = "com.oleg-romanov.WeatherApp";
				PRODUCT_NAME = "$(TARGET_NAME)";
				SWIFT_EMIT_LOC_STRINGS = YES;
				SWIFT_VERSION = 5.0;
				TARGETED_DEVICE_FAMILY = "1,2";
			};
			name = Debug;
		};
		EA138D772BAEFD9B00A9F9AA /* Release */ = {
			isa = XCBuildConfiguration;
			buildSettings = {
				ASSETCATALOG_COMPILER_APPICON_NAME = AppIcon;
				ASSETCATALOG_COMPILER_GLOBAL_ACCENT_COLOR_NAME = AccentColor;
				CODE_SIGN_STYLE = Automatic;
				CURRENT_PROJECT_VERSION = 1;
				DEVELOPMENT_TEAM = 78U6FZ3GMX;
				GENERATE_INFOPLIST_FILE = YES;
				INFOPLIST_FILE = WeatherApp/MainFiles/Info.plist;
				INFOPLIST_KEY_LSApplicationCategoryType = "public.app-category.weather";
				INFOPLIST_KEY_UIApplicationSupportsIndirectInputEvents = YES;
				INFOPLIST_KEY_UILaunchStoryboardName = LaunchScreen;
				INFOPLIST_KEY_UISupportedInterfaceOrientations_iPad = "UIInterfaceOrientationPortrait UIInterfaceOrientationPortraitUpsideDown UIInterfaceOrientationLandscapeLeft UIInterfaceOrientationLandscapeRight";
				INFOPLIST_KEY_UISupportedInterfaceOrientations_iPhone = "UIInterfaceOrientationPortrait UIInterfaceOrientationLandscapeLeft UIInterfaceOrientationLandscapeRight";
				IPHONEOS_DEPLOYMENT_TARGET = 15.0;
				LD_RUNPATH_SEARCH_PATHS = (
					"$(inherited)",
					"@executable_path/Frameworks",
				);
				MARKETING_VERSION = 1.0;
				PRODUCT_BUNDLE_IDENTIFIER = "com.oleg-romanov.WeatherApp";
				PRODUCT_NAME = "$(TARGET_NAME)";
				SWIFT_EMIT_LOC_STRINGS = YES;
				SWIFT_VERSION = 5.0;
				TARGETED_DEVICE_FAMILY = "1,2";
			};
			name = Release;
		};
/* End XCBuildConfiguration section */

/* Begin XCConfigurationList section */
		EA138D5C2BAEFD9500A9F9AA /* Build configuration list for PBXProject "WeatherApp" */ = {
			isa = XCConfigurationList;
			buildConfigurations = (
				EA138D732BAEFD9B00A9F9AA /* Debug */,
				EA138D742BAEFD9B00A9F9AA /* Release */,
			);
			defaultConfigurationIsVisible = 0;
			defaultConfigurationName = Release;
		};
		EA138D752BAEFD9B00A9F9AA /* Build configuration list for PBXNativeTarget "WeatherApp" */ = {
			isa = XCConfigurationList;
			buildConfigurations = (
				EA138D762BAEFD9B00A9F9AA /* Debug */,
				EA138D772BAEFD9B00A9F9AA /* Release */,
			);
			defaultConfigurationIsVisible = 0;
			defaultConfigurationName = Release;
		};
/* End XCConfigurationList section */
	};
	rootObject = EA138D592BAEFD9500A9F9AA /* Project object */;
}
